
Microsoft Visual Studio Solution File, Format Version 12.00
# Visual Studio Version 16
VisualStudioVersion = 16.0.29102.190
MinimumVisualStudioVersion = 10.0.40219.1
Project("{9A19103F-16F7-4668-BE54-9A1E7A4F7556}") = "PersonalLoan", "PersonalLoan\PersonalLoan.csproj", "{B02C6E8B-709C-48B4-AA2E-CCA2DD5F6807}"
EndProject
Global
	GlobalSection(SolutionConfigurationPlatforms) = preSolution
		Debug|Any CPU = Debug|Any CPU
		Release|Any CPU = Release|Any CPU
	EndGlobalSection
	GlobalSection(ProjectConfigurationPlatforms) = postSolution
		{B02C6E8B-709C-48B4-AA2E-CCA2DD5F6807}.Debug|Any CPU.ActiveCfg = Debug|Any CPU
		{B02C6E8B-709C-48B4-AA2E-CCA2DD5F6807}.Debug|Any CPU.Build.0 = Debug|Any CPU
		{B02C6E8B-709C-48B4-AA2E-CCA2DD5F6807}.Release|Any CPU.ActiveCfg = Release|Any CPU
		{B02C6E8B-709C-48B4-AA2E-CCA2DD5F6807}.Release|Any CPU.Build.0 = Release|Any CPU
	EndGlobalSection
	GlobalSection(SolutionProperties) = preSolution
		HideSolutionNode = FALSE
	EndGlobalSection
	GlobalSection(ExtensibilityGlobals) = postSolution
		SolutionGuid = {19B74309-D035-4A33-BE77-E8851DA6FB3C}
	EndGlobalSection
EndGlobal
